
Microsoft Visual Studio Solution File, Format Version 12.00
# Visual Studio Version 17
VisualStudioVersion = 17.3.32929.385
MinimumVisualStudioVersion = 10.0.40219.1
Project("{FAE04EC0-301F-11D3-BF4B-00C04F79EFBC}") = "Uppgift 6.1", "Uppgift 6.1\Uppgift 6.1.csproj", "{989F0AC3-DF95-46C4-B58D-0F21963D7919}"
EndProject
Global
	GlobalSection(SolutionConfigurationPlatforms) = preSolution
		Debug|Any CPU = Debug|Any CPU
		Release|Any CPU = Release|Any CPU
	EndGlobalSection
	GlobalSection(ProjectConfigurationPlatforms) = postSolution
		{989F0AC3-DF95-46C4-B58D-0F21963D7919}.Debug|Any CPU.ActiveCfg = Debug|Any CPU
		{989F0AC3-DF95-46C4-B58D-0F21963D7919}.Debug|Any CPU.Build.0 = Debug|Any CPU
		{989F0AC3-DF95-46C4-B58D-0F21963D7919}.Release|Any CPU.ActiveCfg = Release|Any CPU
		{989F0AC3-DF95-46C4-B58D-0F21963D7919}.Release|Any CPU.Build.0 = Release|Any CPU
	EndGlobalSection
	GlobalSection(SolutionProperties) = preSolution
		HideSolutionNode = FALSE
	EndGlobalSection
	GlobalSection(ExtensibilityGlobals) = postSolution
		SolutionGuid = {A2E66CD8-2F61-4380-9BD9-8FB66C652B62}
	EndGlobalSection
EndGlobal
